
Microsoft Visual Studio Solution File, Format Version 12.00
# Visual Studio Version 17
VisualStudioVersion = 17.13.35931.197 d17.13
MinimumVisualStudioVersion = 10.0.40219.1
Project("{FAE04EC0-301F-11D3-BF4B-00C04F79EFBC}") = "01_Console", "01_Console\01_Console.csproj", "{985BE858-58FE-4E9D-B6D5-D27D4C6A6001}"
EndProject
Project("{FAE04EC0-301F-11D3-BF4B-00C04F79EFBC}") = "02_Variables-and-Datatypes", "02_Variables-and-Datatypes\02_Variables-and-Datatypes.csproj", "{A2237C2C-2CB9-4A6F-A3E3-2C00062AED86}"
EndProject
Project("{FAE04EC0-301F-11D3-BF4B-00C04F79EFBC}") = "03_Casting", "03_Casting\03_Casting.csproj", "{9D41E9C5-B206-4035-9BF2-DFE545BE13F4}"
EndProject
Project("{FAE04EC0-301F-11D3-BF4B-00C04F79EFBC}") = "04_Operators", "04_Operators\04_Operators.csproj", "{D5913303-D7B1-46AF-A3F4-7BFA224D8176}"
EndProject
Project("{FAE04EC0-301F-11D3-BF4B-00C04F79EFBC}") = "05_Conditional-Statements", "05_Conditional-Statements\05_Conditional-Statements.csproj", "{A60D9693-1616-4C72-AAC3-8B493FECFC0D}"
EndProject
Project("{FAE04EC0-301F-11D3-BF4B-00C04F79EFBC}") = "06_Loop-Statements", "06_Loop-Statements\06_Loop-Statements.csproj", "{723624B9-AA6C-4AE2-98FC-34D2D36AEB43}"
EndProject
Project("{FAE04EC0-301F-11D3-BF4B-00C04F79EFBC}") = "07_Strings", "07_Strings\07_Strings.csproj", "{A193C6E3-AFA7-42CA-BDAF-6C9CF2D94A7F}"
EndProject
Project("{FAE04EC0-301F-11D3-BF4B-00C04F79EFBC}") = "08_Arrays", "08_Arrays\08_Arrays.csproj", "{F955BB42-E6E5-46CE-9949-BC44811F6466}"
EndProject
Project("{FAE04EC0-301F-11D3-BF4B-00C04F79EFBC}") = "09_Nullable", "09_Nullable\09_Nullable.csproj", "{BF0FCB06-3EDC-4F71-BEE6-E7DE07973A27}"
EndProject
Project("{FAE04EC0-301F-11D3-BF4B-00C04F79EFBC}") = "10_Methods", "10_Methods\10_Methods.csproj", "{128356C1-FC71-4BA5-AB07-414B2F6D4487}"
EndProject
Global
	GlobalSection(SolutionConfigurationPlatforms) = preSolution
		Debug|Any CPU = Debug|Any CPU
		Release|Any CPU = Release|Any CPU
	EndGlobalSection
	GlobalSection(ProjectConfigurationPlatforms) = postSolution
		{985BE858-58FE-4E9D-B6D5-D27D4C6A6001}.Debug|Any CPU.ActiveCfg = Debug|Any CPU
		{985BE858-58FE-4E9D-B6D5-D27D4C6A6001}.Debug|Any CPU.Build.0 = Debug|Any CPU
		{985BE858-58FE-4E9D-B6D5-D27D4C6A6001}.Release|Any CPU.ActiveCfg = Release|Any CPU
		{985BE858-58FE-4E9D-B6D5-D27D4C6A6001}.Release|Any CPU.Build.0 = Release|Any CPU
		{A2237C2C-2CB9-4A6F-A3E3-2C00062AED86}.Debug|Any CPU.ActiveCfg = Debug|Any CPU
		{A2237C2C-2CB9-4A6F-A3E3-2C00062AED86}.Debug|Any CPU.Build.0 = Debug|Any CPU
		{A2237C2C-2CB9-4A6F-A3E3-2C00062AED86}.Release|Any CPU.ActiveCfg = Release|Any CPU
		{A2237C2C-2CB9-4A6F-A3E3-2C00062AED86}.Release|Any CPU.Build.0 = Release|Any CPU
		{9D41E9C5-B206-4035-9BF2-DFE545BE13F4}.Debug|Any CPU.ActiveCfg = Debug|Any CPU
		{9D41E9C5-B206-4035-9BF2-DFE545BE13F4}.Debug|Any CPU.Build.0 = Debug|Any CPU
		{9D41E9C5-B206-4035-9BF2-DFE545BE13F4}.Release|Any CPU.ActiveCfg = Release|Any CPU
		{9D41E9C5-B206-4035-9BF2-DFE545BE13F4}.Release|Any CPU.Build.0 = Release|Any CPU
		{D5913303-D7B1-46AF-A3F4-7BFA224D8176}.Debug|Any CPU.ActiveCfg = Debug|Any CPU
		{D5913303-D7B1-46AF-A3F4-7BFA224D8176}.Debug|Any CPU.Build.0 = Debug|Any CPU
		{D5913303-D7B1-46AF-A3F4-7BFA224D8176}.Release|Any CPU.ActiveCfg = Release|Any CPU
		{D5913303-D7B1-46AF-A3F4-7BFA224D8176}.Release|Any CPU.Build.0 = Release|Any CPU
		{A60D9693-1616-4C72-AAC3-8B493FECFC0D}.Debug|Any CPU.ActiveCfg = Debug|Any CPU
		{A60D9693-1616-4C72-AAC3-8B493FECFC0D}.Debug|Any CPU.Build.0 = Debug|Any CPU
		{A60D9693-1616-4C72-AAC3-8B493FECFC0D}.Release|Any CPU.ActiveCfg = Release|Any CPU
		{A60D9693-1616-4C72-AAC3-8B493FECFC0D}.Release|Any CPU.Build.0 = Release|Any CPU
		{723624B9-AA6C-4AE2-98FC-34D2D36AEB43}.Debug|Any CPU.ActiveCfg = Debug|Any CPU
		{723624B9-AA6C-4AE2-98FC-34D2D36AEB43}.Debug|Any CPU.Build.0 = Debug|Any CPU
		{723624B9-AA6C-4AE2-98FC-34D2D36AEB43}.Release|Any CPU.ActiveCfg = Release|Any CPU
		{723624B9-AA6C-4AE2-98FC-34D2D36AEB43}.Release|Any CPU.Build.0 = Release|Any CPU
		{A193C6E3-AFA7-42CA-BDAF-6C9CF2D94A7F}.Debug|Any CPU.ActiveCfg = Debug|Any CPU
		{A193C6E3-AFA7-42CA-BDAF-6C9CF2D94A7F}.Debug|Any CPU.Build.0 = Debug|Any CPU
		{A193C6E3-AFA7-42CA-BDAF-6C9CF2D94A7F}.Release|Any CPU.ActiveCfg = Release|Any CPU
		{A193C6E3-AFA7-42CA-BDAF-6C9CF2D94A7F}.Release|Any CPU.Build.0 = Release|Any CPU
		{F955BB42-E6E5-46CE-9949-BC44811F6466}.Debug|Any CPU.ActiveCfg = Debug|Any CPU
		{F955BB42-E6E5-46CE-9949-BC44811F6466}.Debug|Any CPU.Build.0 = Debug|Any CPU
		{F955BB42-E6E5-46CE-9949-BC44811F6466}.Release|Any CPU.ActiveCfg = Release|Any CPU
		{F955BB42-E6E5-46CE-9949-BC44811F6466}.Release|Any CPU.Build.0 = Release|Any CPU
		{BF0FCB06-3EDC-4F71-BEE6-E7DE07973A27}.Debug|Any CPU.ActiveCfg = Debug|Any CPU
		{BF0FCB06-3EDC-4F71-BEE6-E7DE07973A27}.Debug|Any CPU.Build.0 = Debug|Any CPU
		{BF0FCB06-3EDC-4F71-BEE6-E7DE07973A27}.Release|Any CPU.ActiveCfg = Release|Any CPU
		{BF0FCB06-3EDC-4F71-BEE6-E7DE07973A27}.Release|Any CPU.Build.0 = Release|Any CPU
		{128356C1-FC71-4BA5-AB07-414B2F6D4487}.Debug|Any CPU.ActiveCfg = Debug|Any CPU
		{128356C1-FC71-4BA5-AB07-414B2F6D4487}.Debug|Any CPU.Build.0 = Debug|Any CPU
		{128356C1-FC71-4BA5-AB07-414B2F6D4487}.Release|Any CPU.ActiveCfg = Release|Any CPU
		{128356C1-FC71-4BA5-AB07-414B2F6D4487}.Release|Any CPU.Build.0 = Release|Any CPU
	EndGlobalSection
	GlobalSection(SolutionProperties) = preSolution
		HideSolutionNode = FALSE
	EndGlobalSection
	GlobalSection(ExtensibilityGlobals) = postSolution
		SolutionGuid = {90106971-32BF-4E25-B5B5-9DEFFA47063B}
	EndGlobalSection
EndGlobal
